
Microsoft Visual Studio Solution File, Format Version 12.00
# Visual Studio Version 17
VisualStudioVersion = 17.6.33815.320
MinimumVisualStudioVersion = 10.0.40219.1
Project("{FAE04EC0-301F-11D3-BF4B-00C04F79EFBC}") = "ciselne palindromy", "ciselne palindromy\ciselne palindromy.csproj", "{CA7AC25A-BB15-4283-88C2-0A01B875A0C1}"
EndProject
Global
	GlobalSection(SolutionConfigurationPlatforms) = preSolution
		Debug|Any CPU = Debug|Any CPU
		Release|Any CPU = Release|Any CPU
	EndGlobalSection
	GlobalSection(ProjectConfigurationPlatforms) = postSolution
		{CA7AC25A-BB15-4283-88C2-0A01B875A0C1}.Debug|Any CPU.ActiveCfg = Debug|Any CPU
		{CA7AC25A-BB15-4283-88C2-0A01B875A0C1}.Debug|Any CPU.Build.0 = Debug|Any CPU
		{CA7AC25A-BB15-4283-88C2-0A01B875A0C1}.Release|Any CPU.ActiveCfg = Release|Any CPU
		{CA7AC25A-BB15-4283-88C2-0A01B875A0C1}.Release|Any CPU.Build.0 = Release|Any CPU
	EndGlobalSection
	GlobalSection(SolutionProperties) = preSolution
		HideSolutionNode = FALSE
	EndGlobalSection
	GlobalSection(ExtensibilityGlobals) = postSolution
		SolutionGuid = {BD931B7E-6698-4572-8CBD-74AF919715B6}
	EndGlobalSection
EndGlobal
