
Microsoft Visual Studio Solution File, Format Version 12.00
# Visual Studio Version 17
VisualStudioVersion = 17.2.32630.192
MinimumVisualStudioVersion = 10.0.40219.1
Project("{FAE04EC0-301F-11D3-BF4B-00C04F79EFBC}") = "Body v rovine", "Body v rovine\Body v rovine.csproj", "{35929324-963F-4765-8521-C3899D2D4893}"
EndProject
Global
	GlobalSection(SolutionConfigurationPlatforms) = preSolution
		Debug|Any CPU = Debug|Any CPU
		Release|Any CPU = Release|Any CPU
	EndGlobalSection
	GlobalSection(ProjectConfigurationPlatforms) = postSolution
		{35929324-963F-4765-8521-C3899D2D4893}.Debug|Any CPU.ActiveCfg = Debug|Any CPU
		{35929324-963F-4765-8521-C3899D2D4893}.Debug|Any CPU.Build.0 = Debug|Any CPU
		{35929324-963F-4765-8521-C3899D2D4893}.Release|Any CPU.ActiveCfg = Release|Any CPU
		{35929324-963F-4765-8521-C3899D2D4893}.Release|Any CPU.Build.0 = Release|Any CPU
	EndGlobalSection
	GlobalSection(SolutionProperties) = preSolution
		HideSolutionNode = FALSE
	EndGlobalSection
	GlobalSection(ExtensibilityGlobals) = postSolution
		SolutionGuid = {C1B329EC-6803-4634-AFC9-2DE49F2BF519}
	EndGlobalSection
EndGlobal
