
Microsoft Visual Studio Solution File, Format Version 12.00
# Visual Studio Version 17
VisualStudioVersion = 17.2.32630.192
MinimumVisualStudioVersion = 10.0.40219.1
Project("{FAE04EC0-301F-11D3-BF4B-00C04F79EFBC}") = "Uloha 4", "Uloha 4\Uloha 4.csproj", "{AA02A9C9-C824-422E-9FB1-80DD22ABB2A3}"
EndProject
Global
	GlobalSection(SolutionConfigurationPlatforms) = preSolution
		Debug|Any CPU = Debug|Any CPU
		Release|Any CPU = Release|Any CPU
	EndGlobalSection
	GlobalSection(ProjectConfigurationPlatforms) = postSolution
		{AA02A9C9-C824-422E-9FB1-80DD22ABB2A3}.Debug|Any CPU.ActiveCfg = Debug|Any CPU
		{AA02A9C9-C824-422E-9FB1-80DD22ABB2A3}.Debug|Any CPU.Build.0 = Debug|Any CPU
		{AA02A9C9-C824-422E-9FB1-80DD22ABB2A3}.Release|Any CPU.ActiveCfg = Release|Any CPU
		{AA02A9C9-C824-422E-9FB1-80DD22ABB2A3}.Release|Any CPU.Build.0 = Release|Any CPU
	EndGlobalSection
	GlobalSection(SolutionProperties) = preSolution
		HideSolutionNode = FALSE
	EndGlobalSection
	GlobalSection(ExtensibilityGlobals) = postSolution
		SolutionGuid = {54F53764-336D-4DCE-B530-2BC3BB4C9C5C}
	EndGlobalSection
EndGlobal
